
Microsoft Visual Studio Solution File, Format Version 12.00
# Visual Studio Express 2012 for Windows Desktop
Project("{8BC9CEB8-8B4A-11D0-8D11-00A0C91BC942}") = "StormSignal_ARPG", "StormSignal_ARPG\StormSignal_ARPG.vcxproj", "{F1AB00CB-23EE-4AA5-A1E6-0B7D208D5124}"
EndProject
Global
	GlobalSection(SolutionConfigurationPlatforms) = preSolution
		Debug|Win32 = Debug|Win32
		Release|Win32 = Release|Win32
	EndGlobalSection
	GlobalSection(ProjectConfigurationPlatforms) = postSolution
		{F1AB00CB-23EE-4AA5-A1E6-0B7D208D5124}.Debug|Win32.ActiveCfg = Debug|Win32
		{F1AB00CB-23EE-4AA5-A1E6-0B7D208D5124}.Debug|Win32.Build.0 = Debug|Win32
		{F1AB00CB-23EE-4AA5-A1E6-0B7D208D5124}.Release|Win32.ActiveCfg = Release|Win32
		{F1AB00CB-23EE-4AA5-A1E6-0B7D208D5124}.Release|Win32.Build.0 = Release|Win32
	EndGlobalSection
	GlobalSection(SolutionProperties) = preSolution
		HideSolutionNode = FALSE
	EndGlobalSection
EndGlobal
