<?xml version="1.0" encoding="utf-8"?>
<Project ToolsVersion="4.0" xmlns="http://schemas.microsoft.com/developer/msbuild/2003">
  <ItemGroup>
    <Filter Include="ソース ファイル">
      <UniqueIdentifier>{4FC737F1-C7A5-4376-A066-2A32D752A2FF}</UniqueIdentifier>
      <Extensions>cpp;c;cc;cxx;def;odl;idl;hpj;bat;asm;asmx</Extensions>
    </Filter>
    <Filter Include="ヘッダー ファイル">
      <UniqueIdentifier>{93995380-89BD-4b04-88EB-625FBE52EBFB}</UniqueIdentifier>
      <Extensions>h;hpp;hxx;hm;inl;inc;xsd</Extensions>
    </Filter>
    <Filter Include="リソース ファイル">
      <UniqueIdentifier>{67DA6AB6-F800-4c08-8B7A-83BB121AAD01}</UniqueIdentifier>
      <Extensions>rc;ico;cur;bmp;dlg;rc2;rct;bin;rgs;gif;jpg;jpeg;jpe;resx;tiff;tif;png;wav;mfcribbon-ms</Extensions>
    </Filter>
    <Filter Include="リソース ファイル\Font">
      <UniqueIdentifier>{0b738f80-7166-4e98-96e9-574ce7573c6c}</UniqueIdentifier>
    </Filter>
    <Filter Include="リソース ファイル\Font\Big_Green">
      <UniqueIdentifier>{c2ddc476-9a06-4016-b7ea-3de04c55337c}</UniqueIdentifier>
    </Filter>
    <Filter Include="リソース ファイル\Font\Big_Red">
      <UniqueIdentifier>{7596f5b7-c3ce-44b7-a30e-1e3c7109a0df}</UniqueIdentifier>
    </Filter>
    <Filter Include="リソース ファイル\Font\Middle_Green">
      <UniqueIdentifier>{6e1e6ec6-4c92-49da-9415-a89d93c4391f}</UniqueIdentifier>
    </Filter>
    <Filter Include="リソース ファイル\Font\Small_Green">
      <UniqueIdentifier>{9aa95fc5-b339-42ad-bc08-443bedc2deb1}</UniqueIdentifier>
    </Filter>
    <Filter Include="リソース ファイル\Font\Small_Red">
      <UniqueIdentifier>{fb72b4a2-28c9-40ad-9035-56361acdc22e}</UniqueIdentifier>
    </Filter>
    <Filter Include="リソース ファイル\Image">
      <UniqueIdentifier>{e402f36b-f099-45af-a633-f9f25f46e4e5}</UniqueIdentifier>
    </Filter>
    <Filter Include="リソース ファイル\Image\Chara">
      <UniqueIdentifier>{a8431409-7f67-49eb-96a3-92bfc1ffdcee}</UniqueIdentifier>
    </Filter>
    <Filter Include="リソース ファイル\Image\Chara\Sword">
      <UniqueIdentifier>{5d80ebdd-234f-45e9-8047-e33a4469b634}</UniqueIdentifier>
    </Filter>
  </ItemGroup>
  <ItemGroup>
    <ClCompile Include="Main.cpp">
      <Filter>ソース ファイル</Filter>
    </ClCompile>
    <ClCompile Include="Functions.cpp">
      <Filter>ソース ファイル</Filter>
    </ClCompile>
    <ClCompile Include="Image_2D.cpp">
      <Filter>ソース ファイル</Filter>
    </ClCompile>
    <ClCompile Include="Font.cpp">
      <Filter>ソース ファイル</Filter>
    </ClCompile>
    <ClCompile Include="Physics2DImage.cpp">
      <Filter>ソース ファイル</Filter>
    </ClCompile>
    <ClCompile Include="Character.cpp">
      <Filter>ソース ファイル</Filter>
    </ClCompile>
    <ClCompile Include="Player.cpp">
      <Filter>ソース ファイル</Filter>
    </ClCompile>
    <ClCompile Include="Enemy.cpp">
      <Filter>ソース ファイル</Filter>
    </ClCompile>
    <ClCompile Include="HitBox.cpp">
      <Filter>ソース ファイル</Filter>
    </ClCompile>
  </ItemGroup>
  <ItemGroup>
    <ClInclude Include="Functions.h">
      <Filter>ヘッダー ファイル</Filter>
    </ClInclude>
    <ClInclude Include="Image_2D.h">
      <Filter>ヘッダー ファイル</Filter>
    </ClInclude>
    <ClInclude Include="ConstantValue.h">
      <Filter>ヘッダー ファイル</Filter>
    </ClInclude>
    <ClInclude Include="Font.h">
      <Filter>ヘッダー ファイル</Filter>
    </ClInclude>
    <ClInclude Include="DebugDraw.h">
      <Filter>ヘッダー ファイル</Filter>
    </ClInclude>
    <ClInclude Include="Physics2DImage.h">
      <Filter>ヘッダー ファイル</Filter>
    </ClInclude>
    <ClInclude Include="Character.h">
      <Filter>ヘッダー ファイル</Filter>
    </ClInclude>
    <ClInclude Include="Player.h">
      <Filter>ヘッダー ファイル</Filter>
    </ClInclude>
    <ClInclude Include="Enemy.h">
      <Filter>ヘッダー ファイル</Filter>
    </ClInclude>
    <ClInclude Include="HitBox.h">
      <Filter>ヘッダー ファイル</Filter>
    </ClInclude>
  </ItemGroup>
  <ItemGroup>
    <Image Include="Font\Big_Green\A.png">
      <Filter>リソース ファイル\Font\Big_Green</Filter>
    </Image>
    <Image Include="Font\Big_Green\G.png">
      <Filter>リソース ファイル\Font\Big_Green</Filter>
    </Image>
    <Image Include="Font\Big_Green\H.png">
      <Filter>リソース ファイル\Font\Big_Green</Filter>
    </Image>
    <Image Include="Font\Big_Green\I.png">
      <Filter>リソース ファイル\Font\Big_Green</Filter>
    </Image>
    <Image Include="Font\Big_Green\J.png">
      <Filter>リソース ファイル\Font\Big_Green</Filter>
    </Image>
    <Image Include="Font\Big_Green\K.png">
      <Filter>リソース ファイル\Font\Big_Green</Filter>
    </Image>
    <Image Include="Font\Big_Green\L.png">
      <Filter>リソース ファイル\Font\Big_Green</Filter>
    </Image>
    <Image Include="Font\Big_Green\M.png">
      <Filter>リソース ファイル\Font\Big_Green</Filter>
    </Image>
    <Image Include="Font\Big_Green\N.png">
      <Filter>リソース ファイル\Font\Big_Green</Filter>
    </Image>
    <Image Include="Font\Big_Green\O.png">
      <Filter>リソース ファイル\Font\Big_Green</Filter>
    </Image>
    <Image Include="Font\Big_Green\P.png">
      <Filter>リソース ファイル\Font\Big_Green</Filter>
    </Image>
    <Image Include="Font\Big_Green\R.png">
      <Filter>リソース ファイル\Font\Big_Green</Filter>
    </Image>
    <Image Include="Font\Big_Green\S.png">
      <Filter>リソース ファイル\Font\Big_Green</Filter>
    </Image>
    <Image Include="Font\Big_Green\T.png">
      <Filter>リソース ファイル\Font\Big_Green</Filter>
    </Image>
    <Image Include="Font\Big_Green\U.png">
      <Filter>リソース ファイル\Font\Big_Green</Filter>
    </Image>
    <Image Include="Font\Big_Green\V.png">
      <Filter>リソース ファイル\Font\Big_Green</Filter>
    </Image>
    <Image Include="Font\Big_Green\W.png">
      <Filter>リソース ファイル\Font\Big_Green</Filter>
    </Image>
    <Image Include="Font\Big_Green\X.png">
      <Filter>リソース ファイル\Font\Big_Green</Filter>
    </Image>
    <Image Include="Font\Big_Green\Y.png">
      <Filter>リソース ファイル\Font\Big_Green</Filter>
    </Image>
    <Image Include="Font\Big_Green\Z.png">
      <Filter>リソース ファイル\Font\Big_Green</Filter>
    </Image>
    <Image Include="Font\Big_Green\B.png">
      <Filter>リソース ファイル\Font\Big_Green</Filter>
    </Image>
    <Image Include="Font\Big_Green\C.png">
      <Filter>リソース ファイル\Font\Big_Green</Filter>
    </Image>
    <Image Include="Font\Big_Green\D.png">
      <Filter>リソース ファイル\Font\Big_Green</Filter>
    </Image>
    <Image Include="Font\Big_Green\E.png">
      <Filter>リソース ファイル\Font\Big_Green</Filter>
    </Image>
    <Image Include="Font\Big_Green\F.png">
      <Filter>リソース ファイル\Font\Big_Green</Filter>
    </Image>
    <Image Include="Font\Big_Red\O.png">
      <Filter>リソース ファイル\Font\Big_Red</Filter>
    </Image>
    <Image Include="Font\Big_Red\P.png">
      <Filter>リソース ファイル\Font\Big_Red</Filter>
    </Image>
    <Image Include="Font\Big_Red\R.png">
      <Filter>リソース ファイル\Font\Big_Red</Filter>
    </Image>
    <Image Include="Font\Big_Red\S.png">
      <Filter>リソース ファイル\Font\Big_Red</Filter>
    </Image>
    <Image Include="Font\Big_Red\T.png">
      <Filter>リソース ファイル\Font\Big_Red</Filter>
    </Image>
    <Image Include="Font\Big_Red\U.png">
      <Filter>リソース ファイル\Font\Big_Red</Filter>
    </Image>
    <Image Include="Font\Big_Red\V.png">
      <Filter>リソース ファイル\Font\Big_Red</Filter>
    </Image>
    <Image Include="Font\Big_Red\W.png">
      <Filter>リソース ファイル\Font\Big_Red</Filter>
    </Image>
    <Image Include="Font\Big_Red\Y.png">
      <Filter>リソース ファイル\Font\Big_Red</Filter>
    </Image>
    <Image Include="Font\Big_Red\A.png">
      <Filter>リソース ファイル\Font\Big_Red</Filter>
    </Image>
    <Image Include="Font\Big_Red\B.png">
      <Filter>リソース ファイル\Font\Big_Red</Filter>
    </Image>
    <Image Include="Font\Big_Red\C.png">
      <Filter>リソース ファイル\Font\Big_Red</Filter>
    </Image>
    <Image Include="Font\Big_Red\D.png">
      <Filter>リソース ファイル\Font\Big_Red</Filter>
    </Image>
    <Image Include="Font\Big_Red\E.png">
      <Filter>リソース ファイル\Font\Big_Red</Filter>
    </Image>
    <Image Include="Font\Big_Red\F.png">
      <Filter>リソース ファイル\Font\Big_Red</Filter>
    </Image>
    <Image Include="Font\Big_Red\G.png">
      <Filter>リソース ファイル\Font\Big_Red</Filter>
    </Image>
    <Image Include="Font\Big_Red\H.png">
      <Filter>リソース ファイル\Font\Big_Red</Filter>
    </Image>
    <Image Include="Font\Big_Red\I.png">
      <Filter>リソース ファイル\Font\Big_Red</Filter>
    </Image>
    <Image Include="Font\Big_Red\K.png">
      <Filter>リソース ファイル\Font\Big_Red</Filter>
    </Image>
    <Image Include="Font\Big_Red\L.png">
      <Filter>リソース ファイル\Font\Big_Red</Filter>
    </Image>
    <Image Include="Font\Big_Red\M.png">
      <Filter>リソース ファイル\Font\Big_Red</Filter>
    </Image>
    <Image Include="Font\Big_Red\N.png">
      <Filter>リソース ファイル\Font\Big_Red</Filter>
    </Image>
    <Image Include="Font\Middle_Green\8.png">
      <Filter>リソース ファイル\Font\Middle_Green</Filter>
    </Image>
    <Image Include="Font\Middle_Green\9.png">
      <Filter>リソース ファイル\Font\Middle_Green</Filter>
    </Image>
    <Image Include="Font\Middle_Green\A.png">
      <Filter>リソース ファイル\Font\Middle_Green</Filter>
    </Image>
    <Image Include="Font\Middle_Green\B.png">
      <Filter>リソース ファイル\Font\Middle_Green</Filter>
    </Image>
    <Image Include="Font\Middle_Green\C.png">
      <Filter>リソース ファイル\Font\Middle_Green</Filter>
    </Image>
    <Image Include="Font\Middle_Green\D.png">
      <Filter>リソース ファイル\Font\Middle_Green</Filter>
    </Image>
    <Image Include="Font\Middle_Green\E.png">
      <Filter>リソース ファイル\Font\Middle_Green</Filter>
    </Image>
    <Image Include="Font\Middle_Green\F.png">
      <Filter>リソース ファイル\Font\Middle_Green</Filter>
    </Image>
    <Image Include="Font\Middle_Green\G.png">
      <Filter>リソース ファイル\Font\Middle_Green</Filter>
    </Image>
    <Image Include="Font\Middle_Green\H.png">
      <Filter>リソース ファイル\Font\Middle_Green</Filter>
    </Image>
    <Image Include="Font\Middle_Green\I.png">
      <Filter>リソース ファイル\Font\Middle_Green</Filter>
    </Image>
    <Image Include="Font\Middle_Green\J.png">
      <Filter>リソース ファイル\Font\Middle_Green</Filter>
    </Image>
    <Image Include="Font\Middle_Green\K.png">
      <Filter>リソース ファイル\Font\Middle_Green</Filter>
    </Image>
    <Image Include="Font\Middle_Green\L.png">
      <Filter>リソース ファイル\Font\Middle_Green</Filter>
    </Image>
    <Image Include="Font\Middle_Green\M.png">
      <Filter>リソース ファイル\Font\Middle_Green</Filter>
    </Image>
    <Image Include="Font\Middle_Green\N.png">
      <Filter>リソース ファイル\Font\Middle_Green</Filter>
    </Image>
    <Image Include="Font\Middle_Green\O.png">
      <Filter>リソース ファイル\Font\Middle_Green</Filter>
    </Image>
    <Image Include="Font\Middle_Green\P.png">
      <Filter>リソース ファイル\Font\Middle_Green</Filter>
    </Image>
    <Image Include="Font\Middle_Green\Q.png">
      <Filter>リソース ファイル\Font\Middle_Green</Filter>
    </Image>
    <Image Include="Font\Middle_Green\R.png">
      <Filter>リソース ファイル\Font\Middle_Green</Filter>
    </Image>
    <Image Include="Font\Middle_Green\S.png">
      <Filter>リソース ファイル\Font\Middle_Green</Filter>
    </Image>
    <Image Include="Font\Middle_Green\T.png">
      <Filter>リソース ファイル\Font\Middle_Green</Filter>
    </Image>
    <Image Include="Font\Middle_Green\U.png">
      <Filter>リソース ファイル\Font\Middle_Green</Filter>
    </Image>
    <Image Include="Font\Middle_Green\V.png">
      <Filter>リソース ファイル\Font\Middle_Green</Filter>
    </Image>
    <Image Include="Font\Middle_Green\W.png">
      <Filter>リソース ファイル\Font\Middle_Green</Filter>
    </Image>
    <Image Include="Font\Middle_Green\X.png">
      <Filter>リソース ファイル\Font\Middle_Green</Filter>
    </Image>
    <Image Include="Font\Middle_Green\Y.png">
      <Filter>リソース ファイル\Font\Middle_Green</Filter>
    </Image>
    <Image Include="Font\Middle_Green\Z.png">
      <Filter>リソース ファイル\Font\Middle_Green</Filter>
    </Image>
    <Image Include="Font\Middle_Green\0.png">
      <Filter>リソース ファイル\Font\Middle_Green</Filter>
    </Image>
    <Image Include="Font\Middle_Green\1.png">
      <Filter>リソース ファイル\Font\Middle_Green</Filter>
    </Image>
    <Image Include="Font\Middle_Green\2.png">
      <Filter>リソース ファイル\Font\Middle_Green</Filter>
    </Image>
    <Image Include="Font\Middle_Green\3.png">
      <Filter>リソース ファイル\Font\Middle_Green</Filter>
    </Image>
    <Image Include="Font\Middle_Green\4.png">
      <Filter>リソース ファイル\Font\Middle_Green</Filter>
    </Image>
    <Image Include="Font\Middle_Green\5.png">
      <Filter>リソース ファイル\Font\Middle_Green</Filter>
    </Image>
    <Image Include="Font\Middle_Green\6.png">
      <Filter>リソース ファイル\Font\Middle_Green</Filter>
    </Image>
    <Image Include="Font\Middle_Green\7.png">
      <Filter>リソース ファイル\Font\Middle_Green</Filter>
    </Image>
    <Image Include="Font\Small_Green\V.png">
      <Filter>リソース ファイル\Font\Small_Green</Filter>
    </Image>
    <Image Include="Font\Small_Green\A.png">
      <Filter>リソース ファイル\Font\Small_Green</Filter>
    </Image>
    <Image Include="Font\Small_Green\E.png">
      <Filter>リソース ファイル\Font\Small_Green</Filter>
    </Image>
    <Image Include="Font\Small_Green\G.png">
      <Filter>リソース ファイル\Font\Small_Green</Filter>
    </Image>
    <Image Include="Font\Small_Green\M.png">
      <Filter>リソース ファイル\Font\Small_Green</Filter>
    </Image>
    <Image Include="Font\Small_Green\O.png">
      <Filter>リソース ファイル\Font\Small_Green</Filter>
    </Image>
    <Image Include="Font\Small_Green\R.png">
      <Filter>リソース ファイル\Font\Small_Green</Filter>
    </Image>
    <Image Include="Font\Small_Red\B.png">
      <Filter>リソース ファイル\Font\Small_Red</Filter>
    </Image>
    <Image Include="Font\Small_Red\C.png">
      <Filter>リソース ファイル\Font\Small_Red</Filter>
    </Image>
    <Image Include="Font\Small_Red\D.png">
      <Filter>リソース ファイル\Font\Small_Red</Filter>
    </Image>
    <Image Include="Font\Small_Red\E.png">
      <Filter>リソース ファイル\Font\Small_Red</Filter>
    </Image>
    <Image Include="Font\Small_Red\F.png">
      <Filter>リソース ファイル\Font\Small_Red</Filter>
    </Image>
    <Image Include="Font\Small_Red\G.png">
      <Filter>リソース ファイル\Font\Small_Red</Filter>
    </Image>
    <Image Include="Font\Small_Red\H.png">
      <Filter>リソース ファイル\Font\Small_Red</Filter>
    </Image>
    <Image Include="Font\Small_Red\I.png">
      <Filter>リソース ファイル\Font\Small_Red</Filter>
    </Image>
    <Image Include="Font\Small_Red\K.png">
      <Filter>リソース ファイル\Font\Small_Red</Filter>
    </Image>
    <Image Include="Font\Small_Red\L.png">
      <Filter>リソース ファイル\Font\Small_Red</Filter>
    </Image>
    <Image Include="Font\Small_Red\M.png">
      <Filter>リソース ファイル\Font\Small_Red</Filter>
    </Image>
    <Image Include="Font\Small_Red\N.png">
      <Filter>リソース ファイル\Font\Small_Red</Filter>
    </Image>
    <Image Include="Font\Small_Red\O.png">
      <Filter>リソース ファイル\Font\Small_Red</Filter>
    </Image>
    <Image Include="Font\Small_Red\P.png">
      <Filter>リソース ファイル\Font\Small_Red</Filter>
    </Image>
    <Image Include="Font\Small_Red\R.png">
      <Filter>リソース ファイル\Font\Small_Red</Filter>
    </Image>
    <Image Include="Font\Small_Red\S.png">
      <Filter>リソース ファイル\Font\Small_Red</Filter>
    </Image>
    <Image Include="Font\Small_Red\T.png">
      <Filter>リソース ファイル\Font\Small_Red</Filter>
    </Image>
    <Image Include="Font\Small_Red\U.png">
      <Filter>リソース ファイル\Font\Small_Red</Filter>
    </Image>
    <Image Include="Font\Small_Red\V.png">
      <Filter>リソース ファイル\Font\Small_Red</Filter>
    </Image>
    <Image Include="Font\Small_Red\W.png">
      <Filter>リソース ファイル\Font\Small_Red</Filter>
    </Image>
    <Image Include="Font\Small_Red\X.png">
      <Filter>リソース ファイル\Font\Small_Red</Filter>
    </Image>
    <Image Include="Font\Small_Red\Y.png">
      <Filter>リソース ファイル\Font\Small_Red</Filter>
    </Image>
    <Image Include="Font\Small_Red\Z.png">
      <Filter>リソース ファイル\Font\Small_Red</Filter>
    </Image>
    <Image Include="Font\Small_Red\^.png">
      <Filter>リソース ファイル\Font\Small_Red</Filter>
    </Image>
    <Image Include="Font\Small_Red\0.png">
      <Filter>リソース ファイル\Font\Small_Red</Filter>
    </Image>
    <Image Include="Font\Small_Red\1.png">
      <Filter>リソース ファイル\Font\Small_Red</Filter>
    </Image>
    <Image Include="Font\Small_Red\2.png">
      <Filter>リソース ファイル\Font\Small_Red</Filter>
    </Image>
    <Image Include="Font\Small_Red\3.png">
      <Filter>リソース ファイル\Font\Small_Red</Filter>
    </Image>
    <Image Include="Font\Small_Red\4.png">
      <Filter>リソース ファイル\Font\Small_Red</Filter>
    </Image>
    <Image Include="Font\Small_Red\5.png">
      <Filter>リソース ファイル\Font\Small_Red</Filter>
    </Image>
    <Image Include="Font\Small_Red\6.png">
      <Filter>リソース ファイル\Font\Small_Red</Filter>
    </Image>
    <Image Include="Font\Small_Red\7.png">
      <Filter>リソース ファイル\Font\Small_Red</Filter>
    </Image>
    <Image Include="Font\Small_Red\8.png">
      <Filter>リソース ファイル\Font\Small_Red</Filter>
    </Image>
    <Image Include="Font\Small_Red\9.png">
      <Filter>リソース ファイル\Font\Small_Red</Filter>
    </Image>
    <Image Include="Font\Small_Red\A.png">
      <Filter>リソース ファイル\Font\Small_Red</Filter>
    </Image>
    <Image Include="Image\Chara\None.png">
      <Filter>リソース ファイル\Image\Chara</Filter>
    </Image>
    <Image Include="Image\Chara\Sword\Front_0.png">
      <Filter>リソース ファイル\Image\Chara\Sword</Filter>
    </Image>
    <Image Include="Image\Chara\Sword\Front_1.png">
      <Filter>リソース ファイル\Image\Chara\Sword</Filter>
    </Image>
    <Image Include="Image\Chara\Sword\Front_2.png">
      <Filter>リソース ファイル\Image\Chara\Sword</Filter>
    </Image>
    <Image Include="Image\Chara\Sword\Front_3.png">
      <Filter>リソース ファイル\Image\Chara\Sword</Filter>
    </Image>
    <Image Include="Image\Chara\Sword\None_Sword.png">
      <Filter>リソース ファイル\Image\Chara\Sword</Filter>
    </Image>
  </ItemGroup>
  <ItemGroup>
    <Text Include="..\構想まとめ.txt">
      <Filter>リソース ファイル</Filter>
    </Text>
  </ItemGroup>
</Project>